
Microsoft Visual Studio Solution File, Format Version 12.00
# Visual Studio Version 16
VisualStudioVersion = 16.0.30413.136
MinimumVisualStudioVersion = 10.0.40219.1
Project("{9A19103F-16F7-4668-BE54-9A1E7A4F7556}") = "1. UnitTests", "UnitTests\1. UnitTests.csproj", "{A38E1A4A-1FE1-4EAF-8447-10C50D850FE0}"
EndProject
Project("{9A19103F-16F7-4668-BE54-9A1E7A4F7556}") = "2. FizzBuzzGame", "FizzBuzzGame\2. FizzBuzzGame.csproj", "{26E3F0E3-207D-4E36-88CF-EF1EA28F72DE}"
EndProject
Project("{9A19103F-16F7-4668-BE54-9A1E7A4F7556}") = "3. AutoGeneratedSubstitutes", "AutoGeneratedSubstitutes\3. AutoGeneratedSubstitutes.csproj", "{9C223642-B30F-493C-A812-6FD6636988AF}"
EndProject
Global
	GlobalSection(SolutionConfigurationPlatforms) = preSolution
		Debug|Any CPU = Debug|Any CPU
		Release|Any CPU = Release|Any CPU
	EndGlobalSection
	GlobalSection(ProjectConfigurationPlatforms) = postSolution
		{A38E1A4A-1FE1-4EAF-8447-10C50D850FE0}.Debug|Any CPU.ActiveCfg = Debug|Any CPU
		{A38E1A4A-1FE1-4EAF-8447-10C50D850FE0}.Debug|Any CPU.Build.0 = Debug|Any CPU
		{A38E1A4A-1FE1-4EAF-8447-10C50D850FE0}.Release|Any CPU.ActiveCfg = Release|Any CPU
		{A38E1A4A-1FE1-4EAF-8447-10C50D850FE0}.Release|Any CPU.Build.0 = Release|Any CPU
		{26E3F0E3-207D-4E36-88CF-EF1EA28F72DE}.Debug|Any CPU.ActiveCfg = Debug|Any CPU
		{26E3F0E3-207D-4E36-88CF-EF1EA28F72DE}.Debug|Any CPU.Build.0 = Debug|Any CPU
		{26E3F0E3-207D-4E36-88CF-EF1EA28F72DE}.Release|Any CPU.ActiveCfg = Release|Any CPU
		{26E3F0E3-207D-4E36-88CF-EF1EA28F72DE}.Release|Any CPU.Build.0 = Release|Any CPU
		{9C223642-B30F-493C-A812-6FD6636988AF}.Debug|Any CPU.ActiveCfg = Debug|Any CPU
		{9C223642-B30F-493C-A812-6FD6636988AF}.Debug|Any CPU.Build.0 = Debug|Any CPU
		{9C223642-B30F-493C-A812-6FD6636988AF}.Release|Any CPU.ActiveCfg = Release|Any CPU
		{9C223642-B30F-493C-A812-6FD6636988AF}.Release|Any CPU.Build.0 = Release|Any CPU
	EndGlobalSection
	GlobalSection(SolutionProperties) = preSolution
		HideSolutionNode = FALSE
	EndGlobalSection
	GlobalSection(ExtensibilityGlobals) = postSolution
		SolutionGuid = {C6971932-2F03-475B-9BDE-3F554216546D}
	EndGlobalSection
EndGlobal
